
Microsoft Visual Studio Solution File, Format Version 12.00
# Visual Studio Version 17
VisualStudioVersion = 17.6.33829.357
MinimumVisualStudioVersion = 10.0.40219.1
Project("{9A19103F-16F7-4668-BE54-9A1E7A4F7556}") = "AvaloniaSpriteRendering", "AvaloniaSpriteRendering.csproj", "{722EB242-9377-41C3-9010-377FDA5562F1}"
EndProject
Project("{9A19103F-16F7-4668-BE54-9A1E7A4F7556}") = "AvaloniaSpriteRendering.Desktop", "..\AvaloniaSpriteRendering.Desktop\AvaloniaSpriteRendering.Desktop.csproj", "{E1DA2EF1-6A5E-4595-BF03-6C40A2EF022B}"
EndProject
Global
	GlobalSection(SolutionConfigurationPlatforms) = preSolution
		Debug|Any CPU = Debug|Any CPU
		Release|Any CPU = Release|Any CPU
	EndGlobalSection
	GlobalSection(ProjectConfigurationPlatforms) = postSolution
		{722EB242-9377-41C3-9010-377FDA5562F1}.Debug|Any CPU.ActiveCfg = Debug|Any CPU
		{722EB242-9377-41C3-9010-377FDA5562F1}.Debug|Any CPU.Build.0 = Debug|Any CPU
		{722EB242-9377-41C3-9010-377FDA5562F1}.Release|Any CPU.ActiveCfg = Release|Any CPU
		{722EB242-9377-41C3-9010-377FDA5562F1}.Release|Any CPU.Build.0 = Release|Any CPU
		{E1DA2EF1-6A5E-4595-BF03-6C40A2EF022B}.Debug|Any CPU.ActiveCfg = Debug|Any CPU
		{E1DA2EF1-6A5E-4595-BF03-6C40A2EF022B}.Debug|Any CPU.Build.0 = Debug|Any CPU
		{E1DA2EF1-6A5E-4595-BF03-6C40A2EF022B}.Release|Any CPU.ActiveCfg = Release|Any CPU
		{E1DA2EF1-6A5E-4595-BF03-6C40A2EF022B}.Release|Any CPU.Build.0 = Release|Any CPU
	EndGlobalSection
	GlobalSection(SolutionProperties) = preSolution
		HideSolutionNode = FALSE
	EndGlobalSection
	GlobalSection(ExtensibilityGlobals) = postSolution
		SolutionGuid = {E27BB99A-C281-40EF-B5C4-A73EC35A53C9}
	EndGlobalSection
EndGlobal
